
Microsoft Visual Studio Solution File, Format Version 12.00
# Visual Studio Version 17
VisualStudioVersion = 17.11.35327.3
MinimumVisualStudioVersion = 10.0.40219.1
Project("{9A19103F-16F7-4668-BE54-9A1E7A4F7556}") = "SharmaCarsAPI", "SharmaCarsAPI\SharmaCarsAPI.csproj", "{12D5BEA3-D63E-48E5-AD84-D6261BC0E193}"
EndProject
Project("{2150E333-8FDC-42A3-9474-1A3956D46DE8}") = "Solution Items", "Solution Items", "{22F1ACC1-E60B-4D45-871D-8BEE124D6F8A}"
	ProjectSection(SolutionItems) = preProject
		Notes.txt = Notes.txt
	EndProjectSection
EndProject
Project("{2150E333-8FDC-42A3-9474-1A3956D46DE8}") = "database", "database", "{02EA681E-C7D8-13C7-8484-4AC65E1B71E8}"
EndProject
Project("{2150E333-8FDC-42A3-9474-1A3956D46DE8}") = "schema", "schema", "{A49FD6D3-37CF-4B57-8C13-9F30FE0B72FE}"
	ProjectSection(SolutionItems) = preProject
		Database\Schema\001_body_type.sql = Database\Schema\001_body_type.sql
		Database\Schema\002_category_type.sql = Database\Schema\002_category_type.sql
		Database\Schema\003_colour.sql = Database\Schema\003_colour.sql
		Database\Schema\004_drive_type.sql = Database\Schema\004_drive_type.sql
		Database\Schema\005_emission_standard_type.sql = Database\Schema\005_emission_standard_type.sql
		Database\Schema\006_fuel_type.sql = Database\Schema\006_fuel_type.sql
		Database\Schema\007_gearbox_type.sql = Database\Schema\007_gearbox_type.sql
		Database\Schema\008_service_history_type.sql = Database\Schema\008_service_history_type.sql
		Database\Schema\009_status.sql = Database\Schema\009_status.sql
		Database\Schema\010_make.sql = Database\Schema\010_make.sql
		Database\Schema\011_vehicle_images.sql = Database\Schema\011_vehicle_images.sql
		Database\Schema\012_vehicle.sql = Database\Schema\012_vehicle.sql
	EndProjectSection
EndProject
Project("{2150E333-8FDC-42A3-9474-1A3956D46DE8}") = "seed", "seed", "{85E1F66E-AEE6-4713-B3CE-97642FDBFD22}"
	ProjectSection(SolutionItems) = preProject
		Database\Seed\001_body_type.sql = Database\Seed\001_body_type.sql
		Database\Seed\002_category_type.sql = Database\Seed\002_category_type.sql
		Database\Seed\003_colour.sql = Database\Seed\003_colour.sql
		Database\Seed\004_drive_type.sql = Database\Seed\004_drive_type.sql
		Database\Seed\005_emission_standard_type.sql = Database\Seed\005_emission_standard_type.sql
		Database\Seed\006_fuel_type.sql = Database\Seed\006_fuel_type.sql
		Database\Seed\007_gearbox_type.sql = Database\Seed\007_gearbox_type.sql
		Database\Seed\008_service_history_type.sql = Database\Seed\008_service_history_type.sql
		Database\Seed\009_status.sql = Database\Seed\009_status.sql
		Database\Seed\010_make.sql = Database\Seed\010_make.sql
		Database\Seed\011_vehicle.sql = Database\Seed\011_vehicle.sql
		Database\Seed\012_vehicle_images.sql = Database\Seed\012_vehicle_images.sql
	EndProjectSection
EndProject
Project("{2150E333-8FDC-42A3-9474-1A3956D46DE8}") = "migrations", "migrations", "{76C8EC91-32B7-4359-9598-5F8C59E3FCA9}"
EndProject
Project("{FAE04EC0-301F-11D3-BF4B-00C04F79EFBC}") = "SharmaCars.Core", "SharmaCars.Core\SharmaCars.Core.csproj", "{3F11DF97-F77C-42D6-B11F-4B16325CF722}"
EndProject
Project("{FAE04EC0-301F-11D3-BF4B-00C04F79EFBC}") = "SharmaCars.Infra", "SharmaCars.Infra\SharmaCars.Infra.csproj", "{6841BDA7-6D3D-4856-9A8B-9A7E94C560C4}"
EndProject
Global
	GlobalSection(SolutionConfigurationPlatforms) = preSolution
		Debug|Any CPU = Debug|Any CPU
		Release|Any CPU = Release|Any CPU
	EndGlobalSection
	GlobalSection(ProjectConfigurationPlatforms) = postSolution
		{12D5BEA3-D63E-48E5-AD84-D6261BC0E193}.Debug|Any CPU.ActiveCfg = Debug|Any CPU
		{12D5BEA3-D63E-48E5-AD84-D6261BC0E193}.Debug|Any CPU.Build.0 = Debug|Any CPU
		{12D5BEA3-D63E-48E5-AD84-D6261BC0E193}.Release|Any CPU.ActiveCfg = Release|Any CPU
		{12D5BEA3-D63E-48E5-AD84-D6261BC0E193}.Release|Any CPU.Build.0 = Release|Any CPU
		{3F11DF97-F77C-42D6-B11F-4B16325CF722}.Debug|Any CPU.ActiveCfg = Debug|Any CPU
		{3F11DF97-F77C-42D6-B11F-4B16325CF722}.Debug|Any CPU.Build.0 = Debug|Any CPU
		{3F11DF97-F77C-42D6-B11F-4B16325CF722}.Release|Any CPU.ActiveCfg = Release|Any CPU
		{3F11DF97-F77C-42D6-B11F-4B16325CF722}.Release|Any CPU.Build.0 = Release|Any CPU
		{6841BDA7-6D3D-4856-9A8B-9A7E94C560C4}.Debug|Any CPU.ActiveCfg = Debug|Any CPU
		{6841BDA7-6D3D-4856-9A8B-9A7E94C560C4}.Debug|Any CPU.Build.0 = Debug|Any CPU
		{6841BDA7-6D3D-4856-9A8B-9A7E94C560C4}.Release|Any CPU.ActiveCfg = Release|Any CPU
		{6841BDA7-6D3D-4856-9A8B-9A7E94C560C4}.Release|Any CPU.Build.0 = Release|Any CPU
	EndGlobalSection
	GlobalSection(SolutionProperties) = preSolution
		HideSolutionNode = FALSE
	EndGlobalSection
	GlobalSection(NestedProjects) = preSolution
		{A49FD6D3-37CF-4B57-8C13-9F30FE0B72FE} = {02EA681E-C7D8-13C7-8484-4AC65E1B71E8}
		{85E1F66E-AEE6-4713-B3CE-97642FDBFD22} = {02EA681E-C7D8-13C7-8484-4AC65E1B71E8}
		{76C8EC91-32B7-4359-9598-5F8C59E3FCA9} = {02EA681E-C7D8-13C7-8484-4AC65E1B71E8}
	EndGlobalSection
	GlobalSection(ExtensibilityGlobals) = postSolution
		SolutionGuid = {243AF49B-2DC8-42C5-BC46-BEECEC5DE4CF}
	EndGlobalSection
EndGlobal
